{"SurveyEntry":{"SurveyID":"SV_4Trmek4bc8vVDp4","SurveyName":"PSYC251","SurveyDescription":null,"SurveyOwnerID":"UR_8JqaiaMRdl3a6lE","SurveyBrandID":"stanforduniversity","DivisionID":null,"SurveyLanguage":"EN","SurveyActiveResponseSet":"RS_3IWlKffQmZuCUZw","SurveyStatus":"Active","SurveyStartDate":"0000-00-00 00:00:00","SurveyExpirationDate":"0000-00-00 00:00:00","SurveyCreationDate":"2023-10-24 16:57:33","CreatorID":"UR_8JqaiaMRdl3a6lE","LastModified":"2023-12-12 22:45:45","LastAccessed":"0000-00-00 00:00:00","LastActivated":"2023-10-29 15:00:47","Deleted":null},"SurveyElements":[{"SurveyID":"SV_4Trmek4bc8vVDp4","Element":"BL","PrimaryAttribute":"Survey Blocks","SecondaryAttribute":null,"TertiaryAttribute":null,"Payload":{"0":{"Type":"Default","Description":"Demographics","ID":"BL_2oBsNDKprwVpBvU","BlockElements":[{"Type":"Question","QuestionID":"QID1"},{"Type":"Question","QuestionID":"QID2"},{"Type":"Question","QuestionID":"QID3"},{"Type":"Question","QuestionID":"QID4"},{"Type":"Question","QuestionID":"QID5"},{"Type":"Question","QuestionID":"QID6"},{"Type":"Question","QuestionID":"QID39"}]},"1":{"Type":"Trash","Description":"Trash \/ Unused Questions","ID":"BL_72Ldx1MUFf3MJr8","BlockElements":[]},"2":{"Type":"Standard","SubType":"","Description":"Relatives","ID":"BL_72nY2GkgWyD7rPo","BlockElements":[{"Type":"Question","QuestionID":"QID7"},{"Type":"Page Break"},{"Type":"Question","QuestionID":"QID8"},{"Type":"Question","QuestionID":"QID9"},{"Type":"Page Break"},{"Type":"Question","QuestionID":"QID10"},{"Type":"Question","QuestionID":"QID11"},{"Type":"Page Break"},{"Type":"Question","QuestionID":"QID12"},{"Type":"Question","QuestionID":"QID13"},{"Type":"Page Break"},{"Type":"Question","QuestionID":"QID14"},{"Type":"Question","QuestionID":"QID15"},{"Type":"Page Break"},{"Type":"Question","QuestionID":"QID16"},{"Type":"Question","QuestionID":"QID17"},{"Type":"Page Break"},{"Type":"Question","QuestionID":"QID38"},{"Type":"Page Break"},{"Type":"Question","QuestionID":"QID18"},{"Type":"Question","QuestionID":"QID19"},{"Type":"Page Break"},{"Type":"Question","QuestionID":"QID20"},{"Type":"Question","QuestionID":"QID21"}]},"4":{"Type":"Standard","SubType":"","Description":"Non-relatives","ID":"BL_bPXMkKXpRJXhlMq","BlockElements":[{"Type":"Question","QuestionID":"QID22"},{"Type":"Page Break"},{"Type":"Question","QuestionID":"QID23"},{"Type":"Question","QuestionID":"QID24"},{"Type":"Page Break"},{"Type":"Question","QuestionID":"QID25"},{"Type":"Question","QuestionID":"QID26"},{"Type":"Page Break"},{"Type":"Question","QuestionID":"QID27"},{"Type":"Question","QuestionID":"QID28"},{"Type":"Page Break"},{"Type":"Question","QuestionID":"QID29"},{"Type":"Question","QuestionID":"QID30"},{"Type":"Page Break"},{"Type":"Question","QuestionID":"QID31"},{"Type":"Question","QuestionID":"QID32"},{"Type":"Page Break"},{"Type":"Question","QuestionID":"QID33"},{"Type":"Question","QuestionID":"QID34"},{"Type":"Page Break"},{"Type":"Question","QuestionID":"QID35"},{"Type":"Question","QuestionID":"QID36"}]},"5":{"Type":"Standard","SubType":"","Description":"Consent","ID":"BL_e8WVsXvChn8iStE","BlockElements":[{"Type":"Question","QuestionID":"QID37"}]},"6":{"Type":"Standard","SubType":"","Description":"debrief","ID":"BL_9MLQlXrJQJ8gW2i","BlockElements":[{"Type":"Question","QuestionID":"QID40"},{"Type":"Question","QuestionID":"QID41"}]},"7":{"Type":"Standard","SubType":"","Description":"extra","ID":"BL_81EaChRj8uIz9QO","BlockElements":[{"Type":"Question","QuestionID":"QID42"},{"Type":"Question","QuestionID":"QID43"},{"Type":"Question","QuestionID":"QID44"}]}}},{"SurveyID":"SV_4Trmek4bc8vVDp4","Element":"FL","PrimaryAttribute":"Survey Flow","SecondaryAttribute":null,"TertiaryAttribute":null,"Payload":{"Flow":[{"ID":"BL_e8WVsXvChn8iStE","Type":"Standard","FlowID":"FL_6"},{"ID":"BL_2oBsNDKprwVpBvU","Type":"Block","FlowID":"FL_2"},{"ID":"BL_72nY2GkgWyD7rPo","Type":"Standard","FlowID":"FL_3"},{"ID":"BL_bPXMkKXpRJXhlMq","Type":"Standard","FlowID":"FL_5"},{"ID":"BL_81EaChRj8uIz9QO","Type":"Standard","FlowID":"FL_8"},{"ID":"BL_9MLQlXrJQJ8gW2i","Type":"Standard","FlowID":"FL_7"}],"Properties":{"Count":8},"FlowID":"FL_1","Type":"Root"}},{"SurveyID":"SV_4Trmek4bc8vVDp4","Element":"PL","PrimaryAttribute":"Preview Link","SecondaryAttribute":null,"TertiaryAttribute":null,"Payload":{"PreviewType":"Brand","PreviewID":"acd9485a-23b4-45fa-964f-4e703fb05593"}},{"SurveyID":"SV_4Trmek4bc8vVDp4","Element":"SO","PrimaryAttribute":"Survey Options","SecondaryAttribute":null,"TertiaryAttribute":null,"Payload":{"BackButton":"false","SaveAndContinue":"true","SurveyProtection":"PublicSurvey","BallotBoxStuffingPrevention":"false","NoIndex":"Yes","SecureResponseFiles":"true","SurveyExpiration":"None","SurveyTermination":"Redirect","Header":"","Footer":"","ProgressBarDisplay":"None","PartialData":"+1 week","ValidationMessage":null,"PreviousButton":"","NextButton":"","SurveyTitle":"Qualtrics Survey | Qualtrics Experience Management","SkinLibrary":"stanforduniversity","SkinType":"templated","Skin":{"brandingId":"5236136929","templateId":"*base","overrides":null},"NewScoring":1,"SurveyMetaDescription":"The most powerful, simple and trusted way to gather experience data. Start your journey to experience management and try a free account today.","EOSMessage":null,"ShowExportTags":"false","CollectGeoLocation":"false","PasswordProtection":"No","AnonymizeResponse":"No","RefererCheck":"No","BallotBoxStuffingPreventionBehavior":null,"BallotBoxStuffingPreventionMessage":null,"BallotBoxStuffingPreventionMessageLibrary":null,"BallotBoxStuffingPreventionURL":null,"RecaptchaV3":"false","ConfirmStart":false,"AutoConfirmStart":false,"RelevantID":"false","RelevantIDLockoutPeriod":"+30 days","UseCustomSurveyLinkCompletedMessage":null,"SurveyLinkCompletedMessage":null,"SurveyLinkCompletedMessageLibrary":null,"ResponseSummary":"No","EOSMessageLibrary":null,"EOSRedirectURL":"https:\/\/app.prolific.com\/submissions\/complete?cc=C1JGKQDJ","EmailThankYou":"false","ThankYouEmailMessageLibrary":null,"ThankYouEmailMessage":null,"ValidateMessage":"false","ValidationMessageLibrary":null,"InactiveSurvey":null,"PartialDeletion":null,"PartialDataCloseAfter":"LastActivity","InactiveMessageLibrary":null,"InactiveMessage":null,"AvailableLanguages":{"EN":[]},"ProtectSelectionIds":true}},{"SurveyID":"SV_4Trmek4bc8vVDp4","Element":"SCO","PrimaryAttribute":"Scoring","SecondaryAttribute":null,"TertiaryAttribute":null,"Payload":{"ScoringCategories":[],"ScoringCategoryGroups":[],"ScoringSummaryCategory":null,"ScoringSummaryAfterQuestions":0,"ScoringSummaryAfterSurvey":0,"DefaultScoringCategory":null,"AutoScoringCategory":null}},{"SurveyID":"SV_4Trmek4bc8vVDp4","Element":"PROJ","PrimaryAttribute":"CORE","SecondaryAttribute":null,"TertiaryAttribute":"1.1.0","Payload":{"ProjectCategory":"CORE","SchemaVersion":"1.1.0"}},{"SurveyID":"SV_4Trmek4bc8vVDp4","Element":"STAT","PrimaryAttribute":"Survey Statistics","SecondaryAttribute":null,"TertiaryAttribute":null,"Payload":{"MobileCompatible":true,"ID":"Survey Statistics"}},{"SurveyID":"SV_4Trmek4bc8vVDp4","Element":"QC","PrimaryAttribute":"Survey Question Count","SecondaryAttribute":"44","TertiaryAttribute":null,"Payload":null},{"SurveyID":"SV_4Trmek4bc8vVDp4","Element":"SQ","PrimaryAttribute":"QID39","SecondaryAttribute":"Approximately how many important family members do you have in your life?","TertiaryAttribute":null,"Payload":{"QuestionText":"Approximately how many important family members do you have in your life?<br>","DefaultChoices":false,"DataExportTag":"important_family","QuestionType":"TE","Selector":"SL","DataVisibility":{"Private":false,"Hidden":false},"Configuration":{"QuestionDescriptionOption":"UseText"},"QuestionDescription":"Approximately how many important family members do you have in your life?","Validation":{"Settings":{"ForceResponse":"OFF","Type":"ContentType","MinChars":"1","ContentType":"ValidNumber","ValidDateType":"DateWithFormat","ValidPhoneType":"ValidUSPhone","ValidZipType":"ValidUSZip","ValidNumber":{"Min":"","Max":"","NumDecimals":""}}},"GradingData":[],"Language":[],"NextChoiceId":4,"NextAnswerId":1,"SearchSource":{"AllowFreeResponse":"false"},"QuestionID":"QID39"}},{"SurveyID":"SV_4Trmek4bc8vVDp4","Element":"SQ","PrimaryAttribute":"QID6","SecondaryAttribute":"Approximately how many important friends do you have in your life?","TertiaryAttribute":null,"Payload":{"QuestionText":"Approximately how many important friends do you have in your life?<br>","DefaultChoices":false,"DataExportTag":"important_friends","QuestionType":"TE","Selector":"SL","Configuration":{"QuestionDescriptionOption":"UseText"},"QuestionDescription":"Approximately how many important friends do you have in your life?","Validation":{"Settings":{"ForceResponse":"OFF","Type":"ContentType","MinChars":"1","ContentType":"ValidNumber","ValidDateType":"DateWithFormat","ValidPhoneType":"ValidUSPhone","ValidZipType":"ValidUSZip","ValidNumber":{"Min":"","Max":"","NumDecimals":""}}},"GradingData":[],"Language":[],"NextChoiceId":4,"NextAnswerId":1,"SearchSource":{"AllowFreeResponse":"false"},"QuestionID":"QID6","DataVisibility":{"Private":false,"Hidden":false}}},{"SurveyID":"SV_4Trmek4bc8vVDp4","Element":"SQ","PrimaryAttribute":"QID37","SecondaryAttribute":"By answering the following questions, you are participating in a study being performed by cogniti...","TertiaryAttribute":null,"Payload":{"QuestionText":"By answering the following questions, you are participating in a study being performed by cognitive scientists in the Stanford Department of Psychology. If you have questions about this research, please contact us at stanfordpsych251@gmail.com. You must be at least 18 years old to participate. Your participation in this research is voluntary. You may decline to answer any or all of the following questions. You may decline further participation, at any time, without adverse consequences. Your anonymity is assured; the researchers who have requested your participation will not receive any personal information about you.","DefaultChoices":false,"DataExportTag":"consent","QuestionType":"DB","Selector":"TB","Configuration":{"QuestionDescriptionOption":"UseText"},"QuestionDescription":"By answering the following questions, you are participating in a study being performed by cogniti...","ChoiceOrder":[],"Validation":{"Settings":{"Type":"None"}},"GradingData":[],"Language":[],"NextChoiceId":4,"NextAnswerId":1,"QuestionID":"QID37"}},{"SurveyID":"SV_4Trmek4bc8vVDp4","Element":"RS","PrimaryAttribute":"RS_3IWlKffQmZuCUZw","SecondaryAttribute":"Default Response Set","TertiaryAttribute":null,"Payload":null},{"SurveyID":"SV_4Trmek4bc8vVDp4","Element":"SQ","PrimaryAttribute":"QID41","SecondaryAttribute":"Do you have any feedback about the study that you would like to share?","TertiaryAttribute":null,"Payload":{"QuestionText":"Do you have any feedback about the study that you would like to share?<br>","DefaultChoices":false,"DataExportTag":"feedback","QuestionType":"TE","Selector":"ESTB","Configuration":{"QuestionDescriptionOption":"UseText"},"QuestionDescription":"Do you have any feedback about the study that you would like to share?","Validation":{"Settings":{"ForceResponse":"OFF","Type":"None"}},"GradingData":[],"Language":[],"NextChoiceId":4,"NextAnswerId":1,"SearchSource":{"AllowFreeResponse":"false"},"QuestionID":"QID41"}},{"SurveyID":"SV_4Trmek4bc8vVDp4","Element":"SQ","PrimaryAttribute":"QID43","SecondaryAttribute":"How easy is it for you to get free time?","TertiaryAttribute":null,"Payload":{"QuestionText":"How easy is it for you to get free time?<br>","DefaultChoices":false,"DataExportTag":"ease_time","QuestionType":"MC","Selector":"SAHR","SubSelector":"TX","DataVisibility":{"Private":false,"Hidden":false},"Configuration":{"QuestionDescriptionOption":"UseText","LabelPosition":"BELOW"},"QuestionDescription":"How easy is it for you to get free time?","Choices":{"1":{"Display":"Very difficult"},"2":{"Display":"Somewhat difficult"},"3":{"Display":"Neither difficult nor easy"},"4":{"Display":"Somewhat easy"},"5":{"Display":"Very easy"}},"ChoiceOrder":["1","2","3","4","5"],"Validation":{"Settings":{"ForceResponse":"OFF","Type":"None"}},"GradingData":[],"Language":[],"NextChoiceId":6,"NextAnswerId":1,"QuestionID":"QID43"}},{"SurveyID":"SV_4Trmek4bc8vVDp4","Element":"SQ","PrimaryAttribute":"QID42","SecondaryAttribute":"How easy is it for you to make money?","TertiaryAttribute":null,"Payload":{"QuestionText":"How easy is it for you to make money?<br>","DefaultChoices":false,"DataExportTag":"ease_money","QuestionType":"MC","Selector":"SAHR","SubSelector":"TX","Configuration":{"QuestionDescriptionOption":"UseText","LabelPosition":"BELOW"},"QuestionDescription":"How easy is it for you to make money?","Choices":{"1":{"Display":"Very difficult"},"2":{"Display":"Somewhat difficult"},"3":{"Display":"Neither difficult nor easy"},"4":{"Display":"Somewhat easy"},"5":{"Display":"Very easy"}},"ChoiceOrder":["1","2","3","4","5"],"Validation":{"Settings":{"ForceResponse":"OFF","Type":"None"}},"GradingData":[],"Language":[],"NextChoiceId":6,"NextAnswerId":1,"QuestionID":"QID42"}},{"SurveyID":"SV_4Trmek4bc8vVDp4","Element":"SQ","PrimaryAttribute":"QID9","SecondaryAttribute":"How many days would you spend taking care of him\/her?","TertiaryAttribute":null,"Payload":{"QuestionText":"How many days would you spend taking care of him\/her?<br>","DefaultChoices":false,"DataExportTag":"rel_1_time","QuestionType":"TE","Selector":"SL","Configuration":{"QuestionDescriptionOption":"UseText"},"QuestionDescription":"How many days would you spend taking care of him\/her?","Validation":{"Settings":{"ForceResponse":"OFF","ForceResponseType":"ON","Type":"ContentType","MinChars":"1","ContentType":"ValidNumber","ValidDateType":"DateWithFormat","ValidPhoneType":"ValidUSPhone","ValidZipType":"ValidUSZip","ValidNumber":{"Min":"","Max":"","NumDecimals":""}}},"GradingData":[],"Language":[],"NextChoiceId":4,"NextAnswerId":1,"SearchSource":{"AllowFreeResponse":"false"},"QuestionID":"QID9","DataVisibility":{"Private":false,"Hidden":false}}},{"SurveyID":"SV_4Trmek4bc8vVDp4","Element":"SQ","PrimaryAttribute":"QID11","SecondaryAttribute":"How many days would you spend taking care of him\/her?","TertiaryAttribute":null,"Payload":{"QuestionText":"How many days would you spend taking care of him\/her?<br>","DefaultChoices":false,"DataExportTag":"rel_2_time","QuestionType":"TE","Selector":"SL","DataVisibility":{"Private":false,"Hidden":false},"Configuration":{"QuestionDescriptionOption":"UseText"},"QuestionDescription":"How many days would you spend taking care of him\/her?","Validation":{"Settings":{"ForceResponse":"OFF","ForceResponseType":"ON","Type":"ContentType","MinChars":"1","ContentType":"ValidNumber","ValidDateType":"DateWithFormat","ValidPhoneType":"ValidUSPhone","ValidZipType":"ValidUSZip","ValidNumber":{"Min":"","Max":"","NumDecimals":""}}},"GradingData":[],"Language":[],"NextChoiceId":4,"NextAnswerId":1,"SearchSource":{"AllowFreeResponse":"false"},"QuestionID":"QID11"}},{"SurveyID":"SV_4Trmek4bc8vVDp4","Element":"SQ","PrimaryAttribute":"QID13","SecondaryAttribute":"How many days would you spend taking care of him\/her?","TertiaryAttribute":null,"Payload":{"QuestionText":"How many days would you spend taking care of him\/her?<br>","DefaultChoices":false,"DataExportTag":"rel_5_time","QuestionType":"TE","Selector":"SL","DataVisibility":{"Private":false,"Hidden":false},"Configuration":{"QuestionDescriptionOption":"UseText"},"QuestionDescription":"How many days would you spend taking care of him\/her?","Validation":{"Settings":{"ForceResponse":"OFF","ForceResponseType":"ON","Type":"ContentType","MinChars":"1","ContentType":"ValidNumber","ValidDateType":"DateWithFormat","ValidPhoneType":"ValidUSPhone","ValidZipType":"ValidUSZip","ValidNumber":{"Min":"","Max":"","NumDecimals":""}}},"GradingData":[],"Language":[],"NextChoiceId":4,"NextAnswerId":1,"SearchSource":{"AllowFreeResponse":"false"},"QuestionID":"QID13"}},{"SurveyID":"SV_4Trmek4bc8vVDp4","Element":"SQ","PrimaryAttribute":"QID15","SecondaryAttribute":"How many days would you spend taking care of him\/her?","TertiaryAttribute":null,"Payload":{"QuestionText":"How many days would you spend taking care of him\/her?<br>","DefaultChoices":false,"DataExportTag":"rel_10_time","QuestionType":"TE","Selector":"SL","DataVisibility":{"Private":false,"Hidden":false},"Configuration":{"QuestionDescriptionOption":"UseText"},"QuestionDescription":"How many days would you spend taking care of him\/her?","Validation":{"Settings":{"ForceResponse":"OFF","ForceResponseType":"ON","Type":"ContentType","MinChars":"1","ContentType":"ValidNumber","ValidDateType":"DateWithFormat","ValidPhoneType":"ValidUSPhone","ValidZipType":"ValidUSZip","ValidNumber":{"Min":"","Max":"","NumDecimals":""}}},"GradingData":[],"Language":[],"NextChoiceId":4,"NextAnswerId":1,"SearchSource":{"AllowFreeResponse":"false"},"QuestionID":"QID15"}},{"SurveyID":"SV_4Trmek4bc8vVDp4","Element":"SQ","PrimaryAttribute":"QID17","SecondaryAttribute":"How many days would you spend taking care of him\/her?","TertiaryAttribute":null,"Payload":{"QuestionText":"How many days would you spend taking care of him\/her?<br>","DefaultChoices":false,"DataExportTag":"rel_20_time","QuestionType":"TE","Selector":"SL","DataVisibility":{"Private":false,"Hidden":false},"Configuration":{"QuestionDescriptionOption":"UseText"},"QuestionDescription":"How many days would you spend taking care of him\/her?","Validation":{"Settings":{"ForceResponse":"OFF","ForceResponseType":"ON","Type":"ContentType","MinChars":"1","ContentType":"ValidNumber","ValidDateType":"DateWithFormat","ValidPhoneType":"ValidUSPhone","ValidZipType":"ValidUSZip","ValidNumber":{"Min":"","Max":"","NumDecimals":""}}},"GradingData":[],"Language":[],"NextChoiceId":4,"NextAnswerId":1,"SearchSource":{"AllowFreeResponse":"false"},"QuestionID":"QID17"}},{"SurveyID":"SV_4Trmek4bc8vVDp4","Element":"SQ","PrimaryAttribute":"QID19","SecondaryAttribute":"How many days would you spend taking care of him\/her?","TertiaryAttribute":null,"Payload":{"QuestionText":"How many days would you spend taking care of him\/her?<br>","DefaultChoices":false,"DataExportTag":"rel_50_time","QuestionType":"TE","Selector":"SL","DataVisibility":{"Private":false,"Hidden":false},"Configuration":{"QuestionDescriptionOption":"UseText"},"QuestionDescription":"How many days would you spend taking care of him\/her?","Validation":{"Settings":{"ForceResponse":"OFF","ForceResponseType":"ON","Type":"ContentType","MinChars":"1","ContentType":"ValidNumber","ValidDateType":"DateWithFormat","ValidPhoneType":"ValidUSPhone","ValidZipType":"ValidUSZip","ValidNumber":{"Min":"","Max":"","NumDecimals":""}}},"GradingData":[],"Language":[],"NextChoiceId":4,"NextAnswerId":1,"SearchSource":{"AllowFreeResponse":"false"},"QuestionID":"QID19"}},{"SurveyID":"SV_4Trmek4bc8vVDp4","Element":"SQ","PrimaryAttribute":"QID21","SecondaryAttribute":"How many days would you spend taking care of him\/her?","TertiaryAttribute":null,"Payload":{"QuestionText":"How many days would you spend taking care of him\/her?<br>","DefaultChoices":false,"DataExportTag":"rel_100_time","QuestionType":"TE","Selector":"SL","DataVisibility":{"Private":false,"Hidden":false},"Configuration":{"QuestionDescriptionOption":"UseText"},"QuestionDescription":"How many days would you spend taking care of him\/her?","Validation":{"Settings":{"ForceResponse":"OFF","ForceResponseType":"ON","Type":"ContentType","MinChars":"1","ContentType":"ValidNumber","ValidDateType":"DateWithFormat","ValidPhoneType":"ValidUSPhone","ValidZipType":"ValidUSZip","ValidNumber":{"Min":"","Max":"","NumDecimals":""}}},"GradingData":[],"Language":[],"NextChoiceId":4,"NextAnswerId":1,"SearchSource":{"AllowFreeResponse":"false"},"QuestionID":"QID21"}},{"SurveyID":"SV_4Trmek4bc8vVDp4","Element":"SQ","PrimaryAttribute":"QID24","SecondaryAttribute":"How many days would you spend taking care of him\/her?","TertiaryAttribute":null,"Payload":{"QuestionText":"How many days would you spend taking care of him\/her?<br>","DefaultChoices":false,"QuestionType":"TE","Selector":"SL","Configuration":{"QuestionDescriptionOption":"UseText"},"QuestionDescription":"How many days would you spend taking care of him\/her?","Validation":{"Settings":{"ForceResponse":"OFF","ForceResponseType":"ON","Type":"ContentType","MinChars":"1","ContentType":"ValidNumber","ValidDateType":"DateWithFormat","ValidPhoneType":"ValidUSPhone","ValidZipType":"ValidUSZip","ValidNumber":{"Min":"","Max":"","NumDecimals":""}}},"GradingData":[],"Language":[],"NextChoiceId":4,"NextAnswerId":1,"SearchSource":{"AllowFreeResponse":"false"},"DataVisibility":{"Private":false,"Hidden":false},"QuestionText_Unsafe":"How many days would you spend taking care of him\/her?<br>","DataExportTag":"nonrel_1_time","QuestionID":"QID24"}},{"SurveyID":"SV_4Trmek4bc8vVDp4","Element":"SQ","PrimaryAttribute":"QID26","SecondaryAttribute":"How many days would you spend taking care of him\/her?","TertiaryAttribute":null,"Payload":{"QuestionText":"How many days would you spend taking care of him\/her?<br>","DefaultChoices":false,"QuestionType":"TE","Selector":"SL","DataVisibility":{"Private":false,"Hidden":false},"Configuration":{"QuestionDescriptionOption":"UseText"},"QuestionDescription":"How many days would you spend taking care of him\/her?","Validation":{"Settings":{"ForceResponse":"OFF","ForceResponseType":"ON","Type":"ContentType","MinChars":"1","ContentType":"ValidNumber","ValidDateType":"DateWithFormat","ValidPhoneType":"ValidUSPhone","ValidZipType":"ValidUSZip","ValidNumber":{"Min":"","Max":"","NumDecimals":""}}},"GradingData":[],"Language":[],"NextChoiceId":4,"NextAnswerId":1,"SearchSource":{"AllowFreeResponse":"false"},"QuestionText_Unsafe":"How many days would you spend taking care of him\/her?<br>","DataExportTag":"nonrel_2_time","QuestionID":"QID26"}},{"SurveyID":"SV_4Trmek4bc8vVDp4","Element":"SQ","PrimaryAttribute":"QID28","SecondaryAttribute":"How many days would you spend taking care of him\/her?","TertiaryAttribute":null,"Payload":{"QuestionText":"How many days would you spend taking care of him\/her?<br>","DefaultChoices":false,"QuestionType":"TE","Selector":"SL","DataVisibility":{"Private":false,"Hidden":false},"Configuration":{"QuestionDescriptionOption":"UseText"},"QuestionDescription":"How many days would you spend taking care of him\/her?","Validation":{"Settings":{"ForceResponse":"OFF","ForceResponseType":"ON","Type":"ContentType","MinChars":"1","ContentType":"ValidNumber","ValidDateType":"DateWithFormat","ValidPhoneType":"ValidUSPhone","ValidZipType":"ValidUSZip","ValidNumber":{"Min":"","Max":"","NumDecimals":""}}},"GradingData":[],"Language":[],"NextChoiceId":4,"NextAnswerId":1,"SearchSource":{"AllowFreeResponse":"false"},"QuestionText_Unsafe":"How many days would you spend taking care of him\/her?<br>","DataExportTag":"nonrel_5_time","QuestionID":"QID28"}},{"SurveyID":"SV_4Trmek4bc8vVDp4","Element":"SQ","PrimaryAttribute":"QID30","SecondaryAttribute":"How many days would you spend taking care of him\/her?","TertiaryAttribute":null,"Payload":{"QuestionText":"How many days would you spend taking care of him\/her?<br>","DefaultChoices":false,"QuestionType":"TE","Selector":"SL","DataVisibility":{"Private":false,"Hidden":false},"Configuration":{"QuestionDescriptionOption":"UseText"},"QuestionDescription":"How many days would you spend taking care of him\/her?","Validation":{"Settings":{"ForceResponse":"OFF","ForceResponseType":"ON","Type":"ContentType","MinChars":"1","ContentType":"ValidNumber","ValidDateType":"DateWithFormat","ValidPhoneType":"ValidUSPhone","ValidZipType":"ValidUSZip","ValidNumber":{"Min":"","Max":"","NumDecimals":""}}},"GradingData":[],"Language":[],"NextChoiceId":4,"NextAnswerId":1,"SearchSource":{"AllowFreeResponse":"false"},"QuestionText_Unsafe":"How many days would you spend taking care of him\/her?<br>","DataExportTag":"nonrel_10_time","QuestionID":"QID30"}},{"SurveyID":"SV_4Trmek4bc8vVDp4","Element":"SQ","PrimaryAttribute":"QID32","SecondaryAttribute":"How many days would you spend taking care of him\/her?","TertiaryAttribute":null,"Payload":{"QuestionText":"How many days would you spend taking care of him\/her?<br>","DefaultChoices":false,"QuestionType":"TE","Selector":"SL","DataVisibility":{"Private":false,"Hidden":false},"Configuration":{"QuestionDescriptionOption":"UseText"},"QuestionDescription":"How many days would you spend taking care of him\/her?","Validation":{"Settings":{"ForceResponse":"OFF","ForceResponseType":"ON","Type":"ContentType","MinChars":"1","ContentType":"ValidNumber","ValidDateType":"DateWithFormat","ValidPhoneType":"ValidUSPhone","ValidZipType":"ValidUSZip","ValidNumber":{"Min":"","Max":"","NumDecimals":""}}},"GradingData":[],"Language":[],"NextChoiceId":4,"NextAnswerId":1,"SearchSource":{"AllowFreeResponse":"false"},"QuestionText_Unsafe":"How many days would you spend taking care of him\/her?<br>","DataExportTag":"nonrel_20_time","QuestionID":"QID32"}},{"SurveyID":"SV_4Trmek4bc8vVDp4","Element":"SQ","PrimaryAttribute":"QID34","SecondaryAttribute":"How many days would you spend taking care of him\/her?","TertiaryAttribute":null,"Payload":{"QuestionText":"How many days would you spend taking care of him\/her?<br>","DefaultChoices":false,"QuestionType":"TE","Selector":"SL","DataVisibility":{"Private":false,"Hidden":false},"Configuration":{"QuestionDescriptionOption":"UseText"},"QuestionDescription":"How many days would you spend taking care of him\/her?","Validation":{"Settings":{"ForceResponse":"OFF","ForceResponseType":"ON","Type":"ContentType","MinChars":"1","ContentType":"ValidNumber","ValidDateType":"DateWithFormat","ValidPhoneType":"ValidUSPhone","ValidZipType":"ValidUSZip","ValidNumber":{"Min":"","Max":"","NumDecimals":""}}},"GradingData":[],"Language":[],"NextChoiceId":4,"NextAnswerId":1,"SearchSource":{"AllowFreeResponse":"false"},"QuestionText_Unsafe":"How many days would you spend taking care of him\/her?<br>","DataExportTag":"nonrel_50_time","QuestionID":"QID34"}},{"SurveyID":"SV_4Trmek4bc8vVDp4","Element":"SQ","PrimaryAttribute":"QID36","SecondaryAttribute":"How many days would you spend taking care of him\/her?","TertiaryAttribute":null,"Payload":{"QuestionText":"How many days would you spend taking care of him\/her?<br>","DefaultChoices":false,"QuestionType":"TE","Selector":"SL","DataVisibility":{"Private":false,"Hidden":false},"Configuration":{"QuestionDescriptionOption":"UseText"},"QuestionDescription":"How many days would you spend taking care of him\/her?","Validation":{"Settings":{"ForceResponse":"OFF","ForceResponseType":"ON","Type":"ContentType","MinChars":"1","ContentType":"ValidNumber","ValidDateType":"DateWithFormat","ValidPhoneType":"ValidUSPhone","ValidZipType":"ValidUSZip","ValidNumber":{"Min":"","Max":"","NumDecimals":""}}},"GradingData":[],"Language":[],"NextChoiceId":4,"NextAnswerId":1,"SearchSource":{"AllowFreeResponse":"false"},"QuestionText_Unsafe":"How many days would you spend taking care of him\/her?<br>","DataExportTag":"nonrel_100_time","QuestionID":"QID36"}},{"SurveyID":"SV_4Trmek4bc8vVDp4","Element":"SQ","PrimaryAttribute":"QID2","SecondaryAttribute":"How old are you?","TertiaryAttribute":null,"Payload":{"QuestionText":"How old are you?<br>","DefaultChoices":false,"DataExportTag":"age","QuestionID":"QID2","QuestionType":"TE","Selector":"SL","Configuration":{"QuestionDescriptionOption":"UseText"},"QuestionDescription":"How old are you?","Validation":{"Settings":{"ForceResponse":"OFF","Type":"ContentType","MinChars":"1","ContentType":"ValidNumber","ValidDateType":"DateWithFormat","ValidPhoneType":"ValidUSPhone","ValidZipType":"ValidUSZip","ValidNumber":{"Min":"","Max":"100","NumDecimals":""}}},"GradingData":[],"Language":[],"NextChoiceId":4,"NextAnswerId":1,"SearchSource":{"AllowFreeResponse":"false"}}},{"SurveyID":"SV_4Trmek4bc8vVDp4","Element":"SQ","PrimaryAttribute":"QID23","SecondaryAttribute":"Imagine that the non-relative at position #1 on your list is now hospitalized. He\/she needs to be...","TertiaryAttribute":null,"Payload":{"QuestionText":"<div>Imagine that the non-relative at position #1 on your list is now hospitalized. He\/she needs to be accompanied and taken care of in the hospital, as well as a large amount of money to pay for the medical expense. If you now own 100 thousand of US dollars and 100 days of vacation:<\/div><div><br><\/div><div>How much money (in dollars) would you donate to him\/her?<\/div>","DefaultChoices":false,"QuestionType":"TE","Selector":"SL","Configuration":{"QuestionDescriptionOption":"UseText"},"QuestionDescription":"Imagine that the non-relative at position #1 on your list is now hospitalized. He\/she needs to be...","Validation":{"Settings":{"ForceResponse":"OFF","Type":"ContentType","MinChars":"1","ContentType":"ValidNumber","ValidDateType":"DateWithFormat","ValidPhoneType":"ValidUSPhone","ValidZipType":"ValidUSZip","ValidNumber":{"Min":"","Max":"","NumDecimals":""}}},"GradingData":[],"Language":[],"NextChoiceId":8,"NextAnswerId":1,"SearchSource":{"AllowFreeResponse":"false"},"Choices":{"1":{"Display":"Money","TextEntryValidation":"ValidNumber","TextEntry":"on"},"2":{"Display":"Time","TextEntryValidation":"ValidNumber","TextEntry":"on"}},"ChoiceOrder":[1,2],"QuestionJS":"Qualtrics.SurveyEngine.addOnload(function()\n{\njQuery(\"#\"+this.questionId+\" .InputText\").css(\"width\",\"96%\").before(\"$\");\n});\n\nQualtrics.SurveyEngine.addOnReady(function()\n{\n\t\/*Place your JavaScript here to run when the page is fully displayed*\/\n\n});\n\nQualtrics.SurveyEngine.addOnUnload(function()\n{\n\t\/*Place your JavaScript here to run when the page is unloaded*\/\n\n});","DataVisibility":{"Private":false,"Hidden":false},"QuestionText_Unsafe":"Imagine that the relative at position #1 on your list is now hospitalized. He\/she needs to be accompanied and taken care of in the hospital, as well as a large amount of money to pay for the medical expense. If you now own 100 thousand of US dollars and 100 days of vacation, how much money (in dollars) would you donate to him\/her?","DataExportTag":"nonrel_1_money","QuestionID":"QID23"}},{"SurveyID":"SV_4Trmek4bc8vVDp4","Element":"SQ","PrimaryAttribute":"QID29","SecondaryAttribute":"Imagine that the non-relative at position #10 on your list is now hospitalized. He\/she needs to b...","TertiaryAttribute":null,"Payload":{"QuestionText":"<div>Imagine that the non-relative at position #10 on your list is now hospitalized. He\/she needs to be accompanied and taken care of in the hospital, as well as a large amount of money to pay for the medical expense. If you now own 100 thousand of US dollars and 100 days of vacation:<\/div><div><br><\/div><div>How much money (in dollars) would you donate to him\/her?<\/div>","QuestionJS":"Qualtrics.SurveyEngine.addOnload(function()\n{\njQuery(\"#\"+this.questionId+\" .InputText\").css(\"width\",\"96%\").before(\"$\");\n});\n\nQualtrics.SurveyEngine.addOnReady(function()\n{\n\t\/*Place your JavaScript here to run when the page is fully displayed*\/\n\n});\n\nQualtrics.SurveyEngine.addOnUnload(function()\n{\n\t\/*Place your JavaScript here to run when the page is unloaded*\/\n\n});","DefaultChoices":false,"QuestionType":"TE","Selector":"SL","DataVisibility":{"Private":false,"Hidden":false},"Configuration":{"QuestionDescriptionOption":"UseText"},"QuestionDescription":"Imagine that the non-relative at position #10 on your list is now hospitalized. He\/she needs to b...","Validation":{"Settings":{"ForceResponse":"OFF","Type":"ContentType","MinChars":"1","ContentType":"ValidNumber","ValidDateType":"DateWithFormat","ValidPhoneType":"ValidUSPhone","ValidZipType":"ValidUSZip","ValidNumber":{"Min":"","Max":"","NumDecimals":""}}},"GradingData":[],"Language":[],"NextChoiceId":8,"NextAnswerId":1,"SearchSource":{"AllowFreeResponse":"false"},"QuestionText_Unsafe":"Imagine that the relative at position #10 on your list is now hospitalized. He\/she needs to be accompanied and taken care of in the hospital, as well as a large amount of money to pay for the medical expense. If you now own 100 thousand of US dollars and 100 days of vacation, how much money (in dollars) would you donate to him\/her?","DataExportTag":"nonrel_10_money","QuestionID":"QID29"}},{"SurveyID":"SV_4Trmek4bc8vVDp4","Element":"SQ","PrimaryAttribute":"QID35","SecondaryAttribute":"Imagine that the non-relative at position #100 on your list is now hospitalized. He\/she needs to...","TertiaryAttribute":null,"Payload":{"QuestionText":"<div>Imagine that the non-relative at position #100 on your list is now hospitalized. He\/she needs to be accompanied and taken care of in the hospital, as well as a large amount of money to pay for the medical expense. If you now own 100 thousand of US dollars and 100 days of vacation:<\/div><div><br><\/div><div>How much money (in dollars) would you donate to him\/her?<\/div>","QuestionJS":"Qualtrics.SurveyEngine.addOnload(function()\n{\njQuery(\"#\"+this.questionId+\" .InputText\").css(\"width\",\"96%\").before(\"$\");\n});\n\nQualtrics.SurveyEngine.addOnReady(function()\n{\n\t\/*Place your JavaScript here to run when the page is fully displayed*\/\n\n});\n\nQualtrics.SurveyEngine.addOnUnload(function()\n{\n\t\/*Place your JavaScript here to run when the page is unloaded*\/\n\n});","DefaultChoices":false,"QuestionType":"TE","Selector":"SL","DataVisibility":{"Private":false,"Hidden":false},"Configuration":{"QuestionDescriptionOption":"UseText"},"QuestionDescription":"Imagine that the non-relative at position #100 on your list is now hospitalized. He\/she needs to...","Validation":{"Settings":{"ForceResponse":"OFF","Type":"ContentType","MinChars":"1","ContentType":"ValidNumber","ValidDateType":"DateWithFormat","ValidPhoneType":"ValidUSPhone","ValidZipType":"ValidUSZip","ValidNumber":{"Min":"","Max":"","NumDecimals":""}}},"GradingData":[],"Language":[],"NextChoiceId":8,"NextAnswerId":1,"SearchSource":{"AllowFreeResponse":"false"},"QuestionText_Unsafe":"Imagine that the relative at position #100 on your list is now hospitalized. He\/she needs to be accompanied and taken care of in the hospital, as well as a large amount of money to pay for the medical expense. If you now own 100 thousand of US dollars and 100 days of vacation, how much money (in dollars) would you donate to him\/her?","DataExportTag":"nonrel_100_money","QuestionID":"QID35"}},{"SurveyID":"SV_4Trmek4bc8vVDp4","Element":"SQ","PrimaryAttribute":"QID25","SecondaryAttribute":"Imagine that the non-relative at position #2 on your list is now hospitalized. He\/she needs to be...","TertiaryAttribute":null,"Payload":{"QuestionText":"<div>Imagine that the non-relative at position #2 on your list is now hospitalized. He\/she needs to be accompanied and taken care of in the hospital, as well as a large amount of money to pay for the medical expense. If you now own 100 thousand of US dollars and 100 days of vacation:<\/div><div><br><\/div><div>How much money (in dollars) would you donate to him\/her?<\/div>","QuestionJS":"Qualtrics.SurveyEngine.addOnload(function()\n{\njQuery(\"#\"+this.questionId+\" .InputText\").css(\"width\",\"96%\").before(\"$\");\n});\n\nQualtrics.SurveyEngine.addOnReady(function()\n{\n\t\/*Place your JavaScript here to run when the page is fully displayed*\/\n\n});\n\nQualtrics.SurveyEngine.addOnUnload(function()\n{\n\t\/*Place your JavaScript here to run when the page is unloaded*\/\n\n});","DefaultChoices":false,"QuestionType":"TE","Selector":"SL","DataVisibility":{"Private":false,"Hidden":false},"Configuration":{"QuestionDescriptionOption":"UseText"},"QuestionDescription":"Imagine that the non-relative at position #2 on your list is now hospitalized. He\/she needs to be...","Validation":{"Settings":{"ForceResponse":"OFF","Type":"ContentType","MinChars":"1","ContentType":"ValidNumber","ValidDateType":"DateWithFormat","ValidPhoneType":"ValidUSPhone","ValidZipType":"ValidUSZip","ValidNumber":{"Min":"","Max":"","NumDecimals":""}}},"GradingData":[],"Language":[],"NextChoiceId":8,"NextAnswerId":1,"SearchSource":{"AllowFreeResponse":"false"},"QuestionText_Unsafe":"Imagine that the relative at position #2 on your list is now hospitalized. He\/she needs to be accompanied and taken care of in the hospital, as well as a large amount of money to pay for the medical expense. If you now own 100 thousand of US dollars and 100 days of vacation, how much money (in dollars) would you donate to him\/her?","DataExportTag":"nonrel_2_money","QuestionID":"QID25"}},{"SurveyID":"SV_4Trmek4bc8vVDp4","Element":"SQ","PrimaryAttribute":"QID31","SecondaryAttribute":"Imagine that the non-relative at position #20 on your list is now hospitalized. He\/she needs to b...","TertiaryAttribute":null,"Payload":{"QuestionText":"<div>Imagine that the non-relative at position #20 on your list is now hospitalized. He\/she needs to be accompanied and taken care of in the hospital, as well as a large amount of money to pay for the medical expense. If you now own 100 thousand of US dollars and 100 days of vacation:<\/div><div><br><\/div><div>How much money (in dollars) would you donate to him\/her?<\/div>","QuestionJS":"Qualtrics.SurveyEngine.addOnload(function()\n{\njQuery(\"#\"+this.questionId+\" .InputText\").css(\"width\",\"96%\").before(\"$\");\n});\n\nQualtrics.SurveyEngine.addOnReady(function()\n{\n\t\/*Place your JavaScript here to run when the page is fully displayed*\/\n\n});\n\nQualtrics.SurveyEngine.addOnUnload(function()\n{\n\t\/*Place your JavaScript here to run when the page is unloaded*\/\n\n});","DefaultChoices":false,"QuestionType":"TE","Selector":"SL","DataVisibility":{"Private":false,"Hidden":false},"Configuration":{"QuestionDescriptionOption":"UseText"},"QuestionDescription":"Imagine that the non-relative at position #20 on your list is now hospitalized. He\/she needs to b...","Validation":{"Settings":{"ForceResponse":"OFF","Type":"ContentType","MinChars":"1","ContentType":"ValidNumber","ValidDateType":"DateWithFormat","ValidPhoneType":"ValidUSPhone","ValidZipType":"ValidUSZip","ValidNumber":{"Min":"","Max":"","NumDecimals":""}}},"GradingData":[],"Language":[],"NextChoiceId":8,"NextAnswerId":1,"SearchSource":{"AllowFreeResponse":"false"},"QuestionText_Unsafe":"Imagine that the relative at position #20 on your list is now hospitalized. He\/she needs to be accompanied and taken care of in the hospital, as well as a large amount of money to pay for the medical expense. If you now own 100 thousand of US dollars and 100 days of vacation, how much money (in dollars) would you donate to him\/her?","DataExportTag":"nonrel_20_money","QuestionID":"QID31"}},{"SurveyID":"SV_4Trmek4bc8vVDp4","Element":"SQ","PrimaryAttribute":"QID27","SecondaryAttribute":"Imagine that the non-relative at position #5 on your list is now hospitalized. He\/she needs to be...","TertiaryAttribute":null,"Payload":{"QuestionText":"<div>Imagine that the non-relative at position #5 on your list is now hospitalized. He\/she needs to be accompanied and taken care of in the hospital, as well as a large amount of money to pay for the medical expense. If you now own 100 thousand of US dollars and 100 days of vacation:<\/div><div><br><\/div><div>How much money (in dollars) would you donate to him\/her?<\/div>","QuestionJS":"Qualtrics.SurveyEngine.addOnload(function()\n{\njQuery(\"#\"+this.questionId+\" .InputText\").css(\"width\",\"96%\").before(\"$\");\n});\n\nQualtrics.SurveyEngine.addOnReady(function()\n{\n\t\/*Place your JavaScript here to run when the page is fully displayed*\/\n\n});\n\nQualtrics.SurveyEngine.addOnUnload(function()\n{\n\t\/*Place your JavaScript here to run when the page is unloaded*\/\n\n});","DefaultChoices":false,"QuestionType":"TE","Selector":"SL","DataVisibility":{"Private":false,"Hidden":false},"Configuration":{"QuestionDescriptionOption":"UseText"},"QuestionDescription":"Imagine that the non-relative at position #5 on your list is now hospitalized. He\/she needs to be...","Validation":{"Settings":{"ForceResponse":"OFF","Type":"ContentType","MinChars":"1","ContentType":"ValidNumber","ValidDateType":"DateWithFormat","ValidPhoneType":"ValidUSPhone","ValidZipType":"ValidUSZip","ValidNumber":{"Min":"","Max":"","NumDecimals":""}}},"GradingData":[],"Language":[],"NextChoiceId":8,"NextAnswerId":1,"SearchSource":{"AllowFreeResponse":"false"},"QuestionText_Unsafe":"Imagine that the relative at position #5 on your list is now hospitalized. He\/she needs to be accompanied and taken care of in the hospital, as well as a large amount of money to pay for the medical expense. If you now own 100 thousand of US dollars and 100 days of vacation, how much money (in dollars) would you donate to him\/her?","DataExportTag":"nonrel_5_money","QuestionID":"QID27"}},{"SurveyID":"SV_4Trmek4bc8vVDp4","Element":"SQ","PrimaryAttribute":"QID33","SecondaryAttribute":"Imagine that the non-relative at position #50 on your list is now hospitalized. He\/she needs to b...","TertiaryAttribute":null,"Payload":{"QuestionText":"<div>Imagine that the non-relative at position #50 on your list is now hospitalized. He\/she needs to be accompanied and taken care of in the hospital, as well as a large amount of money to pay for the medical expense. If you now own 100 thousand of US dollars and 100 days of vacation:<\/div><div><br><\/div><div>How much money (in dollars) would you donate to him\/her?<\/div>","QuestionJS":"Qualtrics.SurveyEngine.addOnload(function()\n{\njQuery(\"#\"+this.questionId+\" .InputText\").css(\"width\",\"96%\").before(\"$\");\n});\n\nQualtrics.SurveyEngine.addOnReady(function()\n{\n\t\/*Place your JavaScript here to run when the page is fully displayed*\/\n\n});\n\nQualtrics.SurveyEngine.addOnUnload(function()\n{\n\t\/*Place your JavaScript here to run when the page is unloaded*\/\n\n});","DefaultChoices":false,"QuestionType":"TE","Selector":"SL","DataVisibility":{"Private":false,"Hidden":false},"Configuration":{"QuestionDescriptionOption":"UseText"},"QuestionDescription":"Imagine that the non-relative at position #50 on your list is now hospitalized. He\/she needs to b...","Validation":{"Settings":{"ForceResponse":"OFF","Type":"ContentType","MinChars":"1","ContentType":"ValidNumber","ValidDateType":"DateWithFormat","ValidPhoneType":"ValidUSPhone","ValidZipType":"ValidUSZip","ValidNumber":{"Min":"","Max":"","NumDecimals":""}}},"GradingData":[],"Language":[],"NextChoiceId":8,"NextAnswerId":1,"SearchSource":{"AllowFreeResponse":"false"},"QuestionText_Unsafe":"Imagine that the relative at position #50 on your list is now hospitalized. He\/she needs to be accompanied and taken care of in the hospital, as well as a large amount of money to pay for the medical expense. If you now own 100 thousand of US dollars and 100 days of vacation, how much money (in dollars) would you donate to him\/her?","DataExportTag":"nonrel_50_money","QuestionID":"QID33"}},{"SurveyID":"SV_4Trmek4bc8vVDp4","Element":"SQ","PrimaryAttribute":"QID8","SecondaryAttribute":"Imagine that the relative at position #1 on your list is now hospitalized. He\/she needs to be acc...","TertiaryAttribute":null,"Payload":{"QuestionText":"<div>Imagine that the relative at position #1 on your list is now hospitalized. He\/she needs to be accompanied and taken care of in the hospital, as well as a large amount of money to pay for the medical expense. If you now own 100 thousand of US dollars and 100 days of vacation:<\/div><div><br><\/div><div>How much money (in dollars) would you donate to him\/her?<\/div>","DefaultChoices":false,"DataExportTag":"rel_1_money","QuestionType":"TE","Selector":"SL","Configuration":{"QuestionDescriptionOption":"UseText"},"QuestionDescription":"Imagine that the relative at position #1 on your list is now hospitalized. He\/she needs to be acc...","Validation":{"Settings":{"ForceResponse":"OFF","Type":"ContentType","MinChars":"1","ContentType":"ValidNumber","ValidDateType":"DateWithFormat","ValidPhoneType":"ValidUSPhone","ValidZipType":"ValidUSZip","ValidNumber":{"Min":"","Max":"","NumDecimals":""}}},"GradingData":[],"Language":[],"NextChoiceId":8,"NextAnswerId":1,"SearchSource":{"AllowFreeResponse":"false"},"QuestionID":"QID8","Choices":{"1":{"Display":"Money","TextEntryValidation":"ValidNumber","TextEntry":"on"},"2":{"Display":"Time","TextEntryValidation":"ValidNumber","TextEntry":"on"}},"ChoiceOrder":[1,2],"QuestionJS":"Qualtrics.SurveyEngine.addOnload(function()\n{\njQuery(\"#\"+this.questionId+\" .InputText\").css(\"width\",\"96%\").before(\"$\");\n});\n\nQualtrics.SurveyEngine.addOnReady(function()\n{\n\t\/*Place your JavaScript here to run when the page is fully displayed*\/\n\n});\n\nQualtrics.SurveyEngine.addOnUnload(function()\n{\n\t\/*Place your JavaScript here to run when the page is unloaded*\/\n\n});","DataVisibility":{"Private":false,"Hidden":false}}},{"SurveyID":"SV_4Trmek4bc8vVDp4","Element":"SQ","PrimaryAttribute":"QID14","SecondaryAttribute":"Imagine that the relative at position #10 on your list is now hospitalized. He\/she needs to be ac...","TertiaryAttribute":null,"Payload":{"QuestionText":"<div>Imagine that the relative at position #10 on your list is now hospitalized. He\/she needs to be accompanied and taken care of in the hospital, as well as a large amount of money to pay for the medical expense. If you now own 100 thousand of US dollars and 100 days of vacation:<\/div><div><br><\/div><div>How much money (in dollars) would you donate to him\/her?<\/div>","QuestionJS":"Qualtrics.SurveyEngine.addOnload(function()\n{\njQuery(\"#\"+this.questionId+\" .InputText\").css(\"width\",\"96%\").before(\"$\");\n});\n\nQualtrics.SurveyEngine.addOnReady(function()\n{\n\t\/*Place your JavaScript here to run when the page is fully displayed*\/\n\n});\n\nQualtrics.SurveyEngine.addOnUnload(function()\n{\n\t\/*Place your JavaScript here to run when the page is unloaded*\/\n\n});","DefaultChoices":false,"DataExportTag":"rel_10_money","QuestionType":"TE","Selector":"SL","DataVisibility":{"Private":false,"Hidden":false},"Configuration":{"QuestionDescriptionOption":"UseText"},"QuestionDescription":"Imagine that the relative at position #10 on your list is now hospitalized. He\/she needs to be ac...","Validation":{"Settings":{"ForceResponse":"OFF","Type":"ContentType","MinChars":"1","ContentType":"ValidNumber","ValidDateType":"DateWithFormat","ValidPhoneType":"ValidUSPhone","ValidZipType":"ValidUSZip","ValidNumber":{"Min":"","Max":"","NumDecimals":""}}},"GradingData":[],"Language":[],"NextChoiceId":8,"NextAnswerId":1,"SearchSource":{"AllowFreeResponse":"false"},"QuestionID":"QID14"}},{"SurveyID":"SV_4Trmek4bc8vVDp4","Element":"SQ","PrimaryAttribute":"QID20","SecondaryAttribute":"Imagine that the relative at position #100 on your list is now hospitalized. He\/she needs to be a...","TertiaryAttribute":null,"Payload":{"QuestionText":"<div>Imagine that the relative at position #100 on your list is now hospitalized. He\/she needs to be accompanied and taken care of in the hospital, as well as a large amount of money to pay for the medical expense. If you now own 100 thousand of US dollars and 100 days of vacation:&nbsp;<\/div><div><br><\/div><div>How much money (in dollars) would you donate to him\/her?<\/div>","QuestionJS":"Qualtrics.SurveyEngine.addOnload(function()\n{\njQuery(\"#\"+this.questionId+\" .InputText\").css(\"width\",\"96%\").before(\"$\");\n});\n\nQualtrics.SurveyEngine.addOnReady(function()\n{\n\t\/*Place your JavaScript here to run when the page is fully displayed*\/\n\n});\n\nQualtrics.SurveyEngine.addOnUnload(function()\n{\n\t\/*Place your JavaScript here to run when the page is unloaded*\/\n\n});","DefaultChoices":false,"DataExportTag":"rel_100_money","QuestionType":"TE","Selector":"SL","DataVisibility":{"Private":false,"Hidden":false},"Configuration":{"QuestionDescriptionOption":"UseText"},"QuestionDescription":"Imagine that the relative at position #100 on your list is now hospitalized. He\/she needs to be a...","Validation":{"Settings":{"ForceResponse":"OFF","Type":"ContentType","MinChars":"1","ContentType":"ValidNumber","ValidDateType":"DateWithFormat","ValidPhoneType":"ValidUSPhone","ValidZipType":"ValidUSZip","ValidNumber":{"Min":"","Max":"","NumDecimals":""}}},"GradingData":[],"Language":[],"NextChoiceId":8,"NextAnswerId":1,"SearchSource":{"AllowFreeResponse":"false"},"QuestionID":"QID20"}},{"SurveyID":"SV_4Trmek4bc8vVDp4","Element":"SQ","PrimaryAttribute":"QID10","SecondaryAttribute":"Imagine that the relative at position #2 on your list is now hospitalized. He\/she needs to be acc...","TertiaryAttribute":null,"Payload":{"QuestionText":"<div>Imagine that the relative at position #2 on your list is now hospitalized. He\/she needs to be accompanied and taken care of in the hospital, as well as a large amount of money to pay for the medical expense. If you now own 100 thousand of US dollars and 100 days of vacation:&nbsp;<\/div><div><br><\/div><div>How much money (in dollars) would you donate to him\/her?<\/div>","QuestionJS":"Qualtrics.SurveyEngine.addOnload(function()\n{\njQuery(\"#\"+this.questionId+\" .InputText\").css(\"width\",\"96%\").before(\"$\");\n});\n\nQualtrics.SurveyEngine.addOnReady(function()\n{\n\t\/*Place your JavaScript here to run when the page is fully displayed*\/\n\n});\n\nQualtrics.SurveyEngine.addOnUnload(function()\n{\n\t\/*Place your JavaScript here to run when the page is unloaded*\/\n\n});","DefaultChoices":false,"DataExportTag":"rel_2_money","QuestionType":"TE","Selector":"SL","DataVisibility":{"Private":false,"Hidden":false},"Configuration":{"QuestionDescriptionOption":"UseText"},"QuestionDescription":"Imagine that the relative at position #2 on your list is now hospitalized. He\/she needs to be acc...","Validation":{"Settings":{"ForceResponse":"OFF","Type":"ContentType","MinChars":"1","ContentType":"ValidNumber","ValidDateType":"DateWithFormat","ValidPhoneType":"ValidUSPhone","ValidZipType":"ValidUSZip","ValidNumber":{"Min":"","Max":"","NumDecimals":""}}},"GradingData":[],"Language":[],"NextChoiceId":8,"NextAnswerId":1,"SearchSource":{"AllowFreeResponse":"false"},"QuestionID":"QID10"}},{"SurveyID":"SV_4Trmek4bc8vVDp4","Element":"SQ","PrimaryAttribute":"QID16","SecondaryAttribute":"Imagine that the relative at position #20 on your list is now hospitalized. He\/she needs to be ac...","TertiaryAttribute":null,"Payload":{"QuestionText":"<div>Imagine that the relative at position #20 on your list is now hospitalized. He\/she needs to be accompanied and taken care of in the hospital, as well as a large amount of money to pay for the medical expense. If you now own 100 thousand of US dollars and 100 days of vacation:&nbsp;<\/div><div><br><\/div><div>How much money (in dollars) would you donate to him\/her?<\/div>","QuestionJS":"Qualtrics.SurveyEngine.addOnload(function()\n{\njQuery(\"#\"+this.questionId+\" .InputText\").css(\"width\",\"96%\").before(\"$\");\n});\n\nQualtrics.SurveyEngine.addOnReady(function()\n{\n\t\/*Place your JavaScript here to run when the page is fully displayed*\/\n\n});\n\nQualtrics.SurveyEngine.addOnUnload(function()\n{\n\t\/*Place your JavaScript here to run when the page is unloaded*\/\n\n});","DefaultChoices":false,"DataExportTag":"rel_20_money","QuestionType":"TE","Selector":"SL","DataVisibility":{"Private":false,"Hidden":false},"Configuration":{"QuestionDescriptionOption":"UseText"},"QuestionDescription":"Imagine that the relative at position #20 on your list is now hospitalized. He\/she needs to be ac...","Validation":{"Settings":{"ForceResponse":"OFF","Type":"ContentType","MinChars":"1","ContentType":"ValidNumber","ValidDateType":"DateWithFormat","ValidPhoneType":"ValidUSPhone","ValidZipType":"ValidUSZip","ValidNumber":{"Min":"","Max":"","NumDecimals":""}}},"GradingData":[],"Language":[],"NextChoiceId":8,"NextAnswerId":1,"SearchSource":{"AllowFreeResponse":"false"},"QuestionID":"QID16"}},{"SurveyID":"SV_4Trmek4bc8vVDp4","Element":"SQ","PrimaryAttribute":"QID12","SecondaryAttribute":"Imagine that the relative at position #5 on your list is now hospitalized. He\/she needs to be acc...","TertiaryAttribute":null,"Payload":{"QuestionText":"<div>Imagine that the relative at position #5 on your list is now hospitalized. He\/she needs to be accompanied and taken care of in the hospital, as well as a large amount of money to pay for the medical expense. If you now own 100 thousand of US dollars and 100 days of vacation:&nbsp;<\/div><div><br><\/div><div>How much money (in dollars) would you donate to him\/her?<\/div>","QuestionJS":"Qualtrics.SurveyEngine.addOnload(function()\n{\njQuery(\"#\"+this.questionId+\" .InputText\").css(\"width\",\"96%\").before(\"$\");\n});\n\nQualtrics.SurveyEngine.addOnReady(function()\n{\n\t\/*Place your JavaScript here to run when the page is fully displayed*\/\n\n});\n\nQualtrics.SurveyEngine.addOnUnload(function()\n{\n\t\/*Place your JavaScript here to run when the page is unloaded*\/\n\n});","DefaultChoices":false,"DataExportTag":"rel_5_money","QuestionType":"TE","Selector":"SL","DataVisibility":{"Private":false,"Hidden":false},"Configuration":{"QuestionDescriptionOption":"UseText"},"QuestionDescription":"Imagine that the relative at position #5 on your list is now hospitalized. He\/she needs to be acc...","Validation":{"Settings":{"ForceResponse":"OFF","Type":"ContentType","MinChars":"1","ContentType":"ValidNumber","ValidDateType":"DateWithFormat","ValidPhoneType":"ValidUSPhone","ValidZipType":"ValidUSZip","ValidNumber":{"Min":"","Max":"","NumDecimals":""}}},"GradingData":[],"Language":[],"NextChoiceId":8,"NextAnswerId":1,"SearchSource":{"AllowFreeResponse":"false"},"QuestionID":"QID12"}},{"SurveyID":"SV_4Trmek4bc8vVDp4","Element":"SQ","PrimaryAttribute":"QID18","SecondaryAttribute":"Imagine that the relative at position #50 on your list is now hospitalized. He\/she needs to be ac...","TertiaryAttribute":null,"Payload":{"QuestionText":"<div>Imagine that the relative at position #50 on your list is now hospitalized. He\/she needs to be accompanied and taken care of in the hospital, as well as a large amount of money to pay for the medical expense. If you now own 100 thousand of US dollars and 100 days of vacation:<\/div><div><br><\/div><div>How much money (in dollars) would you donate to him\/her?<\/div>","QuestionJS":"Qualtrics.SurveyEngine.addOnload(function()\n{\njQuery(\"#\"+this.questionId+\" .InputText\").css(\"width\",\"96%\").before(\"$\");\n});\n\nQualtrics.SurveyEngine.addOnReady(function()\n{\n\t\/*Place your JavaScript here to run when the page is fully displayed*\/\n\n});\n\nQualtrics.SurveyEngine.addOnUnload(function()\n{\n\t\/*Place your JavaScript here to run when the page is unloaded*\/\n\n});","DefaultChoices":false,"DataExportTag":"rel_50_money","QuestionType":"TE","Selector":"SL","DataVisibility":{"Private":false,"Hidden":false},"Configuration":{"QuestionDescriptionOption":"UseText"},"QuestionDescription":"Imagine that the relative at position #50 on your list is now hospitalized. He\/she needs to be ac...","Validation":{"Settings":{"ForceResponse":"OFF","Type":"ContentType","MinChars":"1","ContentType":"ValidNumber","ValidDateType":"DateWithFormat","ValidPhoneType":"ValidUSPhone","ValidZipType":"ValidUSZip","ValidNumber":{"Min":"","Max":"","NumDecimals":""}}},"GradingData":[],"Language":[],"NextChoiceId":8,"NextAnswerId":1,"SearchSource":{"AllowFreeResponse":"false"},"QuestionID":"QID18"}},{"SurveyID":"SV_4Trmek4bc8vVDp4","Element":"SQ","PrimaryAttribute":"QID38","SecondaryAttribute":"In the last question, your answers referred to the participant in position:","TertiaryAttribute":null,"Payload":{"QuestionText":"In the last question, your answers referred to the participant in position:","DataExportTag":"attention_check","QuestionType":"MC","Selector":"SAVR","SubSelector":"TX","Configuration":{"QuestionDescriptionOption":"UseText"},"QuestionDescription":"In the last question, your answers referred to the participant in position:","Choices":{"1":{"Display":"3"},"2":{"Display":"7"},"3":{"Display":"12"},"4":{"Display":"16"},"5":{"Display":"20"},"6":{"Display":"28"},"7":{"Display":"42"}},"ChoiceOrder":[1,2,3,4,5,6,7],"Validation":{"Settings":{"ForceResponse":"OFF","Type":"None"}},"Language":[],"NextChoiceId":8,"NextAnswerId":1,"QuestionID":"QID38"}},{"SurveyID":"SV_4Trmek4bc8vVDp4","Element":"SQ","PrimaryAttribute":"QID44","SecondaryAttribute":"Is money or free time more important to you?","TertiaryAttribute":null,"Payload":{"QuestionText":"Is money or free time more important to you?<br>","DefaultChoices":false,"DataExportTag":"money_or_time","QuestionType":"MC","Selector":"SAHR","SubSelector":"TX","DataVisibility":{"Private":false,"Hidden":false},"Configuration":{"QuestionDescriptionOption":"UseText","LabelPosition":"BELOW"},"QuestionDescription":"Is money or free time more important to you?","Choices":{"1":{"Display":"Money"},"2":{"Display":"Free time"}},"ChoiceOrder":["1","2"],"Validation":{"Settings":{"ForceResponse":"OFF","Type":"None"}},"GradingData":[],"Language":[],"NextChoiceId":6,"NextAnswerId":1,"QuestionID":"QID44"}},{"SurveyID":"SV_4Trmek4bc8vVDp4","Element":"SQ","PrimaryAttribute":"QID40","SecondaryAttribute":"Thank you very much for participating in this study! \u00a0 This study aims to examine how the willing..","TertiaryAttribute":null,"Payload":{"QuestionText":"<div>Thank you very much for participating in this study!<\/div>\n\n<div>&nbsp;<\/div>\n\n<div>This study aims to examine how the willingness to donate time and money to others is influenced by:<\/div>\n\n<ul>\n\t<li>the age of the donator<\/li>\n\t<li>how close the donator is to the donation target<\/li>\n\t<li>whether the donator is related to the donation target<\/li>\n<\/ul>\n<br>\nWe are also investigating whether these factors might combine to influence donation willingness.<br>\n<br><div>\nWe would appreciate if you did not mention the aims of this study to other potential participants.<\/div><div><br><\/div><div>Please click the arrow at the bottom of the page to complete the study and return to Prolific. If you would like to, you can also leave us feedback about the study using the text box below.<\/div><div><br><\/div><div>Thank you so much again!<br><\/div>","DefaultChoices":false,"DataExportTag":"debrief","QuestionID":"QID40","QuestionType":"DB","Selector":"TB","Configuration":{"QuestionDescriptionOption":"UseText"},"QuestionDescription":"Thank you very much for participating in this study! \u00a0 This study aims to examine how the willing...","ChoiceOrder":[],"Validation":{"Settings":{"Type":"None"}},"GradingData":[],"Language":[],"NextChoiceId":4,"NextAnswerId":1}},{"SurveyID":"SV_4Trmek4bc8vVDp4","Element":"SQ","PrimaryAttribute":"QID22","SecondaryAttribute":"The following task asks you to imagine that you have a list of 100 non-relatives arranged in desc...","TertiaryAttribute":null,"Payload":{"QuestionText":"The following task asks you to imagine that you have a list of 100 <strong>non-relatives <\/strong>arranged in descending order of their closeness with you. The person at position #1 is your closest non-relative, while the person at position #100 is a non-relative you may know but are not close at all. You do not have to actually create the list \u2013 just imagine that you have done so. Next you will be asked to answer questions regarding these non-relatives at a given position.","DefaultChoices":false,"QuestionType":"DB","Selector":"TB","Configuration":{"QuestionDescriptionOption":"UseText"},"QuestionDescription":"The following task asks you to imagine that you have a list of 100 non-relatives arranged in desc...","ChoiceOrder":[],"Validation":{"Settings":{"Type":"None"}},"GradingData":[],"Language":[],"NextChoiceId":4,"NextAnswerId":1,"QuestionText_Unsafe":"The following task asks you to imagine that you have a list of 100 <strong>relatives <\/strong>arranged in descending order of their closeness with you. The person at position #1 is your closest relative, while the person at position #100 is a relative you may know but are not close at all. You do not have to actually create the list &ndash; just imagine that you have done so. Next you will be asked to answer questions regarding these relatives at a given position.","DataExportTag":"nonrel_instructions","QuestionID":"QID22","DataVisibility":{"Private":false,"Hidden":false}}},{"SurveyID":"SV_4Trmek4bc8vVDp4","Element":"SQ","PrimaryAttribute":"QID7","SecondaryAttribute":"The following task asks you to imagine that you have a list of 100 relatives arranged in descendi...","TertiaryAttribute":null,"Payload":{"QuestionText":"The following task asks you to imagine that you have a list of 100 <strong>relatives <\/strong>arranged in descending order of their closeness with you. The person at position #1 is your closest relative, while the person at position #100 is a relative you may know but are not close at all. You do not have to actually create the list &ndash; just imagine that you have done so. Next you will be asked to answer questions regarding these relatives at a given position.","DefaultChoices":false,"DataExportTag":"rel_instructions","QuestionType":"DB","Selector":"TB","Configuration":{"QuestionDescriptionOption":"UseText"},"QuestionDescription":"The following task asks you to imagine that you have a list of 100 relatives arranged in descendi...","ChoiceOrder":[],"Validation":{"Settings":{"Type":"None"}},"GradingData":[],"Language":[],"NextChoiceId":4,"NextAnswerId":1,"QuestionID":"QID7"}},{"SurveyID":"SV_4Trmek4bc8vVDp4","Element":"SQ","PrimaryAttribute":"QID3","SecondaryAttribute":"What is the highest level of education you have completed?","TertiaryAttribute":null,"Payload":{"QuestionText":"What is the highest level of education you have completed?<br>","DefaultChoices":false,"DataExportTag":"education","QuestionType":"MC","Selector":"SAVR","SubSelector":"TX","Configuration":{"QuestionDescriptionOption":"UseText"},"QuestionDescription":"What is the highest level of education you have completed?","Choices":{"1":{"Display":"Middle school"},"2":{"Display":"High school"},"3":{"Display":"Some college"},"4":{"Display":"Bachelor's degree"},"5":{"Display":"Graduate degree"}},"ChoiceOrder":[1,2,3,4,5],"Validation":{"Settings":{"ForceResponse":"OFF","Type":"None"}},"GradingData":[],"Language":[],"NextChoiceId":6,"NextAnswerId":1,"QuestionID":"QID3"}},{"SurveyID":"SV_4Trmek4bc8vVDp4","Element":"SQ","PrimaryAttribute":"QID4","SecondaryAttribute":"What is your annual household income?","TertiaryAttribute":null,"Payload":{"QuestionText":"What is your annual household income?<br>","DefaultChoices":false,"DataExportTag":"income","QuestionType":"MC","Selector":"SAVR","SubSelector":"TX","Configuration":{"QuestionDescriptionOption":"UseText"},"QuestionDescription":"What is your annual household income?","Choices":{"1":{"Display":"$0-$30,000"},"2":{"Display":"$30,001-$60,000"},"3":{"Display":"$60,001-$90,000"},"4":{"Display":"$90,001-$120,000"},"5":{"Display":"$120,001-$150,000"},"6":{"Display":"$150,001+"}},"ChoiceOrder":[1,2,3,4,5,6],"Validation":{"Settings":{"ForceResponse":"OFF","Type":"None"}},"GradingData":[],"Language":[],"NextChoiceId":7,"NextAnswerId":1,"QuestionID":"QID4"}},{"SurveyID":"SV_4Trmek4bc8vVDp4","Element":"SQ","PrimaryAttribute":"QID1","SecondaryAttribute":"What is your gender?","TertiaryAttribute":null,"Payload":{"QuestionText":"What is your gender?<br>","DataExportTag":"gender","QuestionType":"MC","Selector":"SAVR","SubSelector":"TX","Configuration":{"QuestionDescriptionOption":"UseText"},"QuestionDescription":"What is your gender?","Choices":{"1":{"Display":"Male"},"2":{"Display":"Female"},"3":{"Display":"Non-binary"},"4":{"Display":"Prefer not to say"},"5":{"Display":"Other (please specify)","TextEntry":"true"}},"ChoiceOrder":[1,2,3,4,5],"Validation":{"Settings":{"ForceResponse":"OFF","Type":"None"}},"Language":[],"NextChoiceId":6,"NextAnswerId":1,"QuestionID":"QID1"}},{"SurveyID":"SV_4Trmek4bc8vVDp4","Element":"SQ","PrimaryAttribute":"QID5","SecondaryAttribute":"Which race or ethnicity best describes you? (Please choose only one.)","TertiaryAttribute":null,"Payload":{"QuestionText":"Which race or ethnicity best describes you? (Please choose only one.)","DefaultChoices":false,"DataExportTag":"ethnicity","QuestionType":"MC","Selector":"SAVR","SubSelector":"TX","Configuration":{"QuestionDescriptionOption":"UseText"},"QuestionDescription":"Which race or ethnicity best describes you? (Please choose only one.)","Choices":{"1":{"Display":"American Indian or Alaskan Native"},"2":{"Display":"Asian \/ Pacific Islander"},"3":{"Display":"Black or African American"},"4":{"Display":"Hispanic"},"5":{"Display":"White \/ Caucasian"},"6":{"Display":"Multiple ethnicity \/ Other (please specify)","TextEntry":"true"}},"ChoiceOrder":[1,2,3,4,5,6],"Validation":{"Settings":{"ForceResponse":"OFF","Type":"None"}},"GradingData":[],"Language":[],"NextChoiceId":7,"NextAnswerId":1,"QuestionID":"QID5"}}]}